
Microsoft Visual Studio Solution File, Format Version 12.00
# Visual Studio Version 16
VisualStudioVersion = 16.0.31112.23
MinimumVisualStudioVersion = 10.0.40219.1
Project("{FAE04EC0-301F-11D3-BF4B-00C04F79EFBC}") = "WebAppSample", "WebAppSample\WebAppSample.csproj", "{27ABFD2D-0DEA-46EB-8A9E-8D9374F5E89F}"
EndProject
Global
	GlobalSection(SolutionConfigurationPlatforms) = preSolution
		Debug|Any CPU = Debug|Any CPU
		Release|Any CPU = Release|Any CPU
	EndGlobalSection
	GlobalSection(ProjectConfigurationPlatforms) = postSolution
		{27ABFD2D-0DEA-46EB-8A9E-8D9374F5E89F}.Debug|Any CPU.ActiveCfg = Debug|Any CPU
		{27ABFD2D-0DEA-46EB-8A9E-8D9374F5E89F}.Debug|Any CPU.Build.0 = Debug|Any CPU
		{27ABFD2D-0DEA-46EB-8A9E-8D9374F5E89F}.Release|Any CPU.ActiveCfg = Release|Any CPU
		{27ABFD2D-0DEA-46EB-8A9E-8D9374F5E89F}.Release|Any CPU.Build.0 = Release|Any CPU
	EndGlobalSection
	GlobalSection(SolutionProperties) = preSolution
		HideSolutionNode = FALSE
	EndGlobalSection
	GlobalSection(ExtensibilityGlobals) = postSolution
		SolutionGuid = {8A95CCA5-FE6A-4BE1-BDB7-FA663B84A759}
	EndGlobalSection
EndGlobal
